
Microsoft Visual Studio Solution File, Format Version 12.00
Project("{FAE04EC0-301F-11D3-BF4B-00C04F79EFBC}") = "CatTok.Api", "CatTok.Api\CatTok.Api.csproj", "{F3CA96FA-6E60-4762-9F6C-79E3DE71C11B}"
EndProject
Project("{FAE04EC0-301F-11D3-BF4B-00C04F79EFBC}") = "CatTok.Infrastructure", "CatTok.Infrastructure\CatTok.Infrastructure.csproj", "{B9AFB8E7-748E-4144-B11D-4250C7332CD2}"
EndProject
Project("{FAE04EC0-301F-11D3-BF4B-00C04F79EFBC}") = "CatTok.Application", "CatTok.Application\CatTok.Application.csproj", "{4134B898-A038-4253-BF85-AEFBE3F8C8CF}"
EndProject
Project("{FAE04EC0-301F-11D3-BF4B-00C04F79EFBC}") = "CatTok.Domain", "CatTok.Domain\CatTok.Domain.csproj", "{92C17AEA-5948-4A4E-9DAE-5F1293736F13}"
EndProject
Project("{FAE04EC0-301F-11D3-BF4B-00C04F79EFBC}") = "CatTok.Common", "CatTok.Common\CatTok.Common.csproj", "{49E0E9F2-DD8E-41DE-B8CE-C11E51FDF6BF}"
EndProject
Global
	GlobalSection(SolutionConfigurationPlatforms) = preSolution
		Debug|Any CPU = Debug|Any CPU
		Release|Any CPU = Release|Any CPU
	EndGlobalSection
	GlobalSection(ProjectConfigurationPlatforms) = postSolution
		{F3CA96FA-6E60-4762-9F6C-79E3DE71C11B}.Debug|Any CPU.ActiveCfg = Debug|Any CPU
		{F3CA96FA-6E60-4762-9F6C-79E3DE71C11B}.Debug|Any CPU.Build.0 = Debug|Any CPU
		{F3CA96FA-6E60-4762-9F6C-79E3DE71C11B}.Release|Any CPU.ActiveCfg = Release|Any CPU
		{F3CA96FA-6E60-4762-9F6C-79E3DE71C11B}.Release|Any CPU.Build.0 = Release|Any CPU
		{B9AFB8E7-748E-4144-B11D-4250C7332CD2}.Debug|Any CPU.ActiveCfg = Debug|Any CPU
		{B9AFB8E7-748E-4144-B11D-4250C7332CD2}.Debug|Any CPU.Build.0 = Debug|Any CPU
		{B9AFB8E7-748E-4144-B11D-4250C7332CD2}.Release|Any CPU.ActiveCfg = Release|Any CPU
		{B9AFB8E7-748E-4144-B11D-4250C7332CD2}.Release|Any CPU.Build.0 = Release|Any CPU
		{4134B898-A038-4253-BF85-AEFBE3F8C8CF}.Debug|Any CPU.ActiveCfg = Debug|Any CPU
		{4134B898-A038-4253-BF85-AEFBE3F8C8CF}.Debug|Any CPU.Build.0 = Debug|Any CPU
		{4134B898-A038-4253-BF85-AEFBE3F8C8CF}.Release|Any CPU.ActiveCfg = Release|Any CPU
		{4134B898-A038-4253-BF85-AEFBE3F8C8CF}.Release|Any CPU.Build.0 = Release|Any CPU
		{92C17AEA-5948-4A4E-9DAE-5F1293736F13}.Debug|Any CPU.ActiveCfg = Debug|Any CPU
		{92C17AEA-5948-4A4E-9DAE-5F1293736F13}.Debug|Any CPU.Build.0 = Debug|Any CPU
		{92C17AEA-5948-4A4E-9DAE-5F1293736F13}.Release|Any CPU.ActiveCfg = Release|Any CPU
		{92C17AEA-5948-4A4E-9DAE-5F1293736F13}.Release|Any CPU.Build.0 = Release|Any CPU
		{49E0E9F2-DD8E-41DE-B8CE-C11E51FDF6BF}.Debug|Any CPU.ActiveCfg = Debug|Any CPU
		{49E0E9F2-DD8E-41DE-B8CE-C11E51FDF6BF}.Debug|Any CPU.Build.0 = Debug|Any CPU
		{49E0E9F2-DD8E-41DE-B8CE-C11E51FDF6BF}.Release|Any CPU.ActiveCfg = Release|Any CPU
		{49E0E9F2-DD8E-41DE-B8CE-C11E51FDF6BF}.Release|Any CPU.Build.0 = Release|Any CPU
	EndGlobalSection
EndGlobal
